
Microsoft Visual Studio Solution File, Format Version 12.00
# Visual Studio 14
VisualStudioVersion = 14.0.25420.1
MinimumVisualStudioVersion = 10.0.40219.1
Project("{FAE04EC0-301F-11D3-BF4B-00C04F79EFBC}") = "QuanLyBanCaPhe", "QuanLyBanCaPhe\QuanLyBanCaPhe.csproj", "{8F9D01FC-7BE0-4463-BD4B-569EAEEFEA03}"
EndProject
Project("{FAE04EC0-301F-11D3-BF4B-00C04F79EFBC}") = "DTO", "DTO\DTO.csproj", "{8B6FDF8D-C41C-42AF-A98E-8C20678DDCC4}"
EndProject
Project("{FAE04EC0-301F-11D3-BF4B-00C04F79EFBC}") = "DAO", "DAO\DAO.csproj", "{918DBC45-DF28-4626-B92D-FCB080F30E18}"
EndProject
Project("{FAE04EC0-301F-11D3-BF4B-00C04F79EFBC}") = "BUS", "BUS\BUS.csproj", "{A3A334A7-CB53-47CA-AC8F-30464DDC3257}"
EndProject
Project("{FAE04EC0-301F-11D3-BF4B-00C04F79EFBC}") = "QL_CAFE_SOLUTION", "..\..\..\..\Documents\Visual Studio 2015\Projects\QL_CAFE_SOLUTION\QL_CAFE_SOLUTION\QL_CAFE_SOLUTION.csproj", "{72CF0807-F678-4383-B9C8-7983F59139F1}"
EndProject
Global
	GlobalSection(SolutionConfigurationPlatforms) = preSolution
		Debug|Any CPU = Debug|Any CPU
		Release|Any CPU = Release|Any CPU
	EndGlobalSection
	GlobalSection(ProjectConfigurationPlatforms) = postSolution
		{8F9D01FC-7BE0-4463-BD4B-569EAEEFEA03}.Debug|Any CPU.ActiveCfg = Debug|Any CPU
		{8F9D01FC-7BE0-4463-BD4B-569EAEEFEA03}.Debug|Any CPU.Build.0 = Debug|Any CPU
		{8F9D01FC-7BE0-4463-BD4B-569EAEEFEA03}.Release|Any CPU.ActiveCfg = Release|Any CPU
		{8F9D01FC-7BE0-4463-BD4B-569EAEEFEA03}.Release|Any CPU.Build.0 = Release|Any CPU
		{8B6FDF8D-C41C-42AF-A98E-8C20678DDCC4}.Debug|Any CPU.ActiveCfg = Debug|Any CPU
		{8B6FDF8D-C41C-42AF-A98E-8C20678DDCC4}.Debug|Any CPU.Build.0 = Debug|Any CPU
		{8B6FDF8D-C41C-42AF-A98E-8C20678DDCC4}.Release|Any CPU.ActiveCfg = Release|Any CPU
		{8B6FDF8D-C41C-42AF-A98E-8C20678DDCC4}.Release|Any CPU.Build.0 = Release|Any CPU
		{918DBC45-DF28-4626-B92D-FCB080F30E18}.Debug|Any CPU.ActiveCfg = Debug|Any CPU
		{918DBC45-DF28-4626-B92D-FCB080F30E18}.Debug|Any CPU.Build.0 = Debug|Any CPU
		{918DBC45-DF28-4626-B92D-FCB080F30E18}.Release|Any CPU.ActiveCfg = Release|Any CPU
		{918DBC45-DF28-4626-B92D-FCB080F30E18}.Release|Any CPU.Build.0 = Release|Any CPU
		{A3A334A7-CB53-47CA-AC8F-30464DDC3257}.Debug|Any CPU.ActiveCfg = Debug|Any CPU
		{A3A334A7-CB53-47CA-AC8F-30464DDC3257}.Debug|Any CPU.Build.0 = Debug|Any CPU
		{A3A334A7-CB53-47CA-AC8F-30464DDC3257}.Release|Any CPU.ActiveCfg = Release|Any CPU
		{A3A334A7-CB53-47CA-AC8F-30464DDC3257}.Release|Any CPU.Build.0 = Release|Any CPU
		{72CF0807-F678-4383-B9C8-7983F59139F1}.Debug|Any CPU.ActiveCfg = Debug|Any CPU
		{72CF0807-F678-4383-B9C8-7983F59139F1}.Debug|Any CPU.Build.0 = Debug|Any CPU
		{72CF0807-F678-4383-B9C8-7983F59139F1}.Release|Any CPU.ActiveCfg = Release|Any CPU
		{72CF0807-F678-4383-B9C8-7983F59139F1}.Release|Any CPU.Build.0 = Release|Any CPU
	EndGlobalSection
	GlobalSection(SolutionProperties) = preSolution
		HideSolutionNode = FALSE
	EndGlobalSection
	GlobalSection(ExtensibilityGlobals) = postSolution
		SolutionGuid = {F0A27053-4D87-4CDA-8AA6-BD6E0422816F}
	EndGlobalSection
EndGlobal
